// !$*UTF8*$!
{
	archiveVersion = 1;
	classes = {
	};
	objectVersion = 46;
	objects = {

/* Begin PBXBuildFile section */
		62A94B4283DBC7C1A7C22EEF /* libPods.a in Frameworks */ = {isa = PBXBuildFile; fileRef = 7800846B1641862349F9D796 /* libPods.a */; };
		814C3ACA1B69877600E307BB /* Main.storyboard in Resources */ = {isa = PBXBuildFile; fileRef = 814C3AC61B69877600E307BB /* Main.storyboard */; };
		814C3ACB1B69877600E307BB /* Images.xcassets in Resources */ = {isa = PBXBuildFile; fileRef = 814C3AC81B69877600E307BB /* Images.xcassets */; };
		81BA81701A49DB6800E65899 /* Bolts.framework in Frameworks */ = {isa = PBXBuildFile; fileRef = 81BA816B1A49DB6800E65899 /* Bolts.framework */; };
		81BA81711A49DB6800E65899 /* Parse.framework in Frameworks */ = {isa = PBXBuildFile; fileRef = 81BA816C1A49DB6800E65899 /* Parse.framework */; };
		81BA81771A49E0D500E65899 /* libsqlite3.dylib in Frameworks */ = {isa = PBXBuildFile; fileRef = 81BA81761A49E0D500E65899 /* libsqlite3.dylib */; };
		81BA81791A49E0DB00E65899 /* AudioToolbox.framework in Frameworks */ = {isa = PBXBuildFile; fileRef = 81BA81781A49E0DB00E65899 /* AudioToolbox.framework */; };
		81BA817B1A49E0E500E65899 /* SystemConfiguration.framework in Frameworks */ = {isa = PBXBuildFile; fileRef = 81BA817A1A49E0E500E65899 /* SystemConfiguration.framework */; };
		81BA817F1A49E0F000E65899 /* libstdc++.6.dylib in Frameworks */ = {isa = PBXBuildFile; fileRef = 81BA817E1A49E0F000E65899 /* libstdc++.6.dylib */; };
		922F9F311C41E196005DA6E5 /* bruschetta.jpg in Resources */ = {isa = PBXBuildFile; fileRef = 922F9F2E1C41E196005DA6E5 /* bruschetta.jpg */; };
		922F9F321C41E196005DA6E5 /* chickenOrange.jpg in Resources */ = {isa = PBXBuildFile; fileRef = 922F9F2F1C41E196005DA6E5 /* chickenOrange.jpg */; };
		922F9F331C41E196005DA6E5 /* empanadas.jpg in Resources */ = {isa = PBXBuildFile; fileRef = 922F9F301C41E196005DA6E5 /* empanadas.jpg */; };
		925E0C0C1C3B1388000E7B8B /* SWRevealViewController.m in Sources */ = {isa = PBXBuildFile; fileRef = 925E0C0B1C3B1388000E7B8B /* SWRevealViewController.m */; };
		925E0C121C3B1516000E7B8B /* MapViewController.swift in Sources */ = {isa = PBXBuildFile; fileRef = 925E0C111C3B1516000E7B8B /* MapViewController.swift */; };
		92B2ED041C3D5A6200BDDC04 /* MaHead1.png in Resources */ = {isa = PBXBuildFile; fileRef = 92B2ED031C3D5A6200BDDC04 /* MaHead1.png */; };
		92B2ED0F1C3D5CA400BDDC04 /* backar.png in Resources */ = {isa = PBXBuildFile; fileRef = 92B2ED051C3D5CA400BDDC04 /* backar.png */; };
		92B2ED101C3D5CA400BDDC04 /* boocircle.png in Resources */ = {isa = PBXBuildFile; fileRef = 92B2ED061C3D5CA400BDDC04 /* boocircle.png */; };
		92B2ED111C3D5CA400BDDC04 /* containerFood.png in Resources */ = {isa = PBXBuildFile; fileRef = 92B2ED071C3D5CA400BDDC04 /* containerFood.png */; };
		92B2ED121C3D5CA400BDDC04 /* Image_3.jpg in Resources */ = {isa = PBXBuildFile; fileRef = 92B2ED081C3D5CA400BDDC04 /* Image_3.jpg */; };
		92B2ED131C3D5CA400BDDC04 /* indianfv.jpg in Resources */ = {isa = PBXBuildFile; fileRef = 92B2ED091C3D5CA400BDDC04 /* indianfv.jpg */; };
		92B2ED141C3D5CA400BDDC04 /* ma made it 2.png in Resources */ = {isa = PBXBuildFile; fileRef = 92B2ED0A1C3D5CA400BDDC04 /* ma made it 2.png */; };
		92B2ED151C3D5CA400BDDC04 /* next2.png in Resources */ = {isa = PBXBuildFile; fileRef = 92B2ED0B1C3D5CA400BDDC04 /* next2.png */; };
		92B2ED161C3D5CA400BDDC04 /* reveal-icon.png in Resources */ = {isa = PBXBuildFile; fileRef = 92B2ED0C1C3D5CA400BDDC04 /* reveal-icon.png */; };
		92B2ED171C3D5CA400BDDC04 /* signinwithfacebook.png in Resources */ = {isa = PBXBuildFile; fileRef = 92B2ED0D1C3D5CA400BDDC04 /* signinwithfacebook.png */; };
		92B2ED181C3D5CA400BDDC04 /* userMenu.png in Resources */ = {isa = PBXBuildFile; fileRef = 92B2ED0E1C3D5CA400BDDC04 /* userMenu.png */; };
		92B2ED1A1C3D673B00BDDC04 /* View1.swift in Sources */ = {isa = PBXBuildFile; fileRef = 92B2ED191C3D673B00BDDC04 /* View1.swift */; };
		92B2ED1C1C3D695300BDDC04 /* SignUp.swift in Sources */ = {isa = PBXBuildFile; fileRef = 92B2ED1B1C3D695300BDDC04 /* SignUp.swift */; };
		92B2ED1E1C3D697B00BDDC04 /* tableView.swift in Sources */ = {isa = PBXBuildFile; fileRef = 92B2ED1D1C3D697B00BDDC04 /* tableView.swift */; };
		92B2ED201C3D69E300BDDC04 /* MainTableCell.swift in Sources */ = {isa = PBXBuildFile; fileRef = 92B2ED1F1C3D69E300BDDC04 /* MainTableCell.swift */; };
		92B2ED221C3D6AC600BDDC04 /* backEndMenu.swift in Sources */ = {isa = PBXBuildFile; fileRef = 92B2ED211C3D6AC600BDDC04 /* backEndMenu.swift */; };
		92B2ED241C3D6B3600BDDC04 /* MoreDetailedFoodView.swift in Sources */ = {isa = PBXBuildFile; fileRef = 92B2ED231C3D6B3600BDDC04 /* MoreDetailedFoodView.swift */; };
		92BB0C411C3A21B800FB9E53 /* AppDelegate.swift in Sources */ = {isa = PBXBuildFile; fileRef = 92BB0C3F1C3A21B800FB9E53 /* AppDelegate.swift */; };
		92E206FF1C3A2851008C0F58 /* ParseFacebookUtilsV4.framework in Frameworks */ = {isa = PBXBuildFile; fileRef = 92E206FE1C3A2851008C0F58 /* ParseFacebookUtilsV4.framework */; };
		92E207061C3A290F008C0F58 /* FBSDKCoreKit.framework in Frameworks */ = {isa = PBXBuildFile; fileRef = 92E207041C3A290F008C0F58 /* FBSDKCoreKit.framework */; };
		92E207071C3A290F008C0F58 /* FBSDKLoginKit.framework in Frameworks */ = {isa = PBXBuildFile; fileRef = 92E207051C3A290F008C0F58 /* FBSDKLoginKit.framework */; };
		92E699731C3B724200EA1A5D /* GMSPlaceMaker.swift in Sources */ = {isa = PBXBuildFile; fileRef = 92E699721C3B724200EA1A5D /* GMSPlaceMaker.swift */; };
/* End PBXBuildFile section */

/* Begin PBXFileReference section */
		7800846B1641862349F9D796 /* libPods.a */ = {isa = PBXFileReference; explicitFileType = archive.ar; includeInIndex = 0; path = libPods.a; sourceTree = BUILT_PRODUCTS_DIR; };
		814C3AC71B69877600E307BB /* Base */ = {isa = PBXFileReference; lastKnownFileType = file.storyboard; name = Base; path = Base.lproj/Main.storyboard; sourceTree = "<group>"; };
		814C3AC81B69877600E307BB /* Images.xcassets */ = {isa = PBXFileReference; lastKnownFileType = folder.assetcatalog; path = Images.xcassets; sourceTree = "<group>"; };
		814C3AC91B69877600E307BB /* Info.plist */ = {isa = PBXFileReference; fileEncoding = 4; lastKnownFileType = text.plist.xml; path = Info.plist; sourceTree = "<group>"; };
		81BA81451A49DA1800E65899 /* MaMadeItDelivery.app */ = {isa = PBXFileReference; explicitFileType = wrapper.application; includeInIndex = 0; path = MaMadeItDelivery.app; sourceTree = BUILT_PRODUCTS_DIR; };
		81BA816B1A49DB6800E65899 /* Bolts.framework */ = {isa = PBXFileReference; lastKnownFileType = wrapper.framework; path = Bolts.framework; sourceTree = "<group>"; };
		81BA816C1A49DB6800E65899 /* Parse.framework */ = {isa = PBXFileReference; lastKnownFileType = wrapper.framework; path = Parse.framework; sourceTree = "<group>"; };
		81BA816D1A49DB6800E65899 /* ParseCrashReporting.framework */ = {isa = PBXFileReference; lastKnownFileType = wrapper.framework; path = ParseCrashReporting.framework; sourceTree = "<group>"; };
		81BA81761A49E0D500E65899 /* libsqlite3.dylib */ = {isa = PBXFileReference; lastKnownFileType = "compiled.mach-o.dylib"; name = libsqlite3.dylib; path = usr/lib/libsqlite3.dylib; sourceTree = SDKROOT; };
		81BA81781A49E0DB00E65899 /* AudioToolbox.framework */ = {isa = PBXFileReference; lastKnownFileType = wrapper.framework; name = AudioToolbox.framework; path = System/Library/Frameworks/AudioToolbox.framework; sourceTree = SDKROOT; };
		81BA817A1A49E0E500E65899 /* SystemConfiguration.framework */ = {isa = PBXFileReference; lastKnownFileType = wrapper.framework; name = SystemConfiguration.framework; path = System/Library/Frameworks/SystemConfiguration.framework; sourceTree = SDKROOT; };
		81BA817E1A49E0F000E65899 /* libstdc++.6.dylib */ = {isa = PBXFileReference; lastKnownFileType = "compiled.mach-o.dylib"; name = "libstdc++.6.dylib"; path = "usr/lib/libstdc++.6.dylib"; sourceTree = SDKROOT; };
		81BA81801A49E10C00E65899 /* ParseUI.framework */ = {isa = PBXFileReference; lastKnownFileType = wrapper.framework; path = ParseUI.framework; sourceTree = "<group>"; };
		922F9F2E1C41E196005DA6E5 /* bruschetta.jpg */ = {isa = PBXFileReference; lastKnownFileType = image.jpeg; path = bruschetta.jpg; sourceTree = "<group>"; };
		922F9F2F1C41E196005DA6E5 /* chickenOrange.jpg */ = {isa = PBXFileReference; lastKnownFileType = image.jpeg; path = chickenOrange.jpg; sourceTree = "<group>"; };
		922F9F301C41E196005DA6E5 /* empanadas.jpg */ = {isa = PBXFileReference; lastKnownFileType = image.jpeg; path = empanadas.jpg; sourceTree = "<group>"; };
		925E0C0A1C3B1388000E7B8B /* SWRevealViewController.h */ = {isa = PBXFileReference; fileEncoding = 4; lastKnownFileType = sourcecode.c.h; path = SWRevealViewController.h; sourceTree = "<group>"; };
		925E0C0B1C3B1388000E7B8B /* SWRevealViewController.m */ = {isa = PBXFileReference; fileEncoding = 4; lastKnownFileType = sourcecode.c.objc; path = SWRevealViewController.m; sourceTree = "<group>"; };
		925E0C111C3B1516000E7B8B /* MapViewController.swift */ = {isa = PBXFileReference; fileEncoding = 4; lastKnownFileType = sourcecode.swift; name = MapViewController.swift; path = MaMadeItDelivery/MapViewController.swift; sourceTree = "<group>"; };
		92B2ED031C3D5A6200BDDC04 /* MaHead1.png */ = {isa = PBXFileReference; lastKnownFileType = image.png; path = MaHead1.png; sourceTree = "<group>"; };
		92B2ED051C3D5CA400BDDC04 /* backar.png */ = {isa = PBXFileReference; lastKnownFileType = image.png; path = backar.png; sourceTree = "<group>"; };
		92B2ED061C3D5CA400BDDC04 /* boocircle.png */ = {isa = PBXFileReference; lastKnownFileType = image.png; path = boocircle.png; sourceTree = "<group>"; };
		92B2ED071C3D5CA400BDDC04 /* containerFood.png */ = {isa = PBXFileReference; lastKnownFileType = image.png; path = containerFood.png; sourceTree = "<group>"; };
		92B2ED081C3D5CA400BDDC04 /* Image_3.jpg */ = {isa = PBXFileReference; lastKnownFileType = image.jpeg; path = Image_3.jpg; sourceTree = "<group>"; };
		92B2ED091C3D5CA400BDDC04 /* indianfv.jpg */ = {isa = PBXFileReference; lastKnownFileType = image.jpeg; path = indianfv.jpg; sourceTree = "<group>"; };
		92B2ED0A1C3D5CA400BDDC04 /* ma made it 2.png */ = {isa = PBXFileReference; lastKnownFileType = image.png; path = "ma made it 2.png"; sourceTree = "<group>"; };
		92B2ED0B1C3D5CA400BDDC04 /* next2.png */ = {isa = PBXFileReference; lastKnownFileType = image.png; path = next2.png; sourceTree = "<group>"; };
		92B2ED0C1C3D5CA400BDDC04 /* reveal-icon.png */ = {isa = PBXFileReference; lastKnownFileType = image.png; path = "reveal-icon.png"; sourceTree = "<group>"; };
		92B2ED0D1C3D5CA400BDDC04 /* signinwithfacebook.png */ = {isa = PBXFileReference; lastKnownFileType = image.png; path = signinwithfacebook.png; sourceTree = "<group>"; };
		92B2ED0E1C3D5CA400BDDC04 /* userMenu.png */ = {isa = PBXFileReference; lastKnownFileType = image.png; path = userMenu.png; sourceTree = "<group>"; };
		92B2ED191C3D673B00BDDC04 /* View1.swift */ = {isa = PBXFileReference; fileEncoding = 4; lastKnownFileType = sourcecode.swift; path = View1.swift; sourceTree = "<group>"; };
		92B2ED1B1C3D695300BDDC04 /* SignUp.swift */ = {isa = PBXFileReference; fileEncoding = 4; lastKnownFileType = sourcecode.swift; path = SignUp.swift; sourceTree = "<group>"; };
		92B2ED1D1C3D697B00BDDC04 /* tableView.swift */ = {isa = PBXFileReference; fileEncoding = 4; lastKnownFileType = sourcecode.swift; path = tableView.swift; sourceTree = "<group>"; };
		92B2ED1F1C3D69E300BDDC04 /* MainTableCell.swift */ = {isa = PBXFileReference; fileEncoding = 4; lastKnownFileType = sourcecode.swift; path = MainTableCell.swift; sourceTree = "<group>"; };
		92B2ED211C3D6AC600BDDC04 /* backEndMenu.swift */ = {isa = PBXFileReference; fileEncoding = 4; lastKnownFileType = sourcecode.swift; path = backEndMenu.swift; sourceTree = "<group>"; };
		92B2ED231C3D6B3600BDDC04 /* MoreDetailedFoodView.swift */ = {isa = PBXFileReference; fileEncoding = 4; lastKnownFileType = sourcecode.swift; path = MoreDetailedFoodView.swift; sourceTree = "<group>"; };
		92BB0C3E1C3A21B800FB9E53 /* MaMadeItDelivery-Bridging-Header.h */ = {isa = PBXFileReference; lastKnownFileType = sourcecode.c.h; path = "MaMadeItDelivery-Bridging-Header.h"; sourceTree = "<group>"; };
		92BB0C3F1C3A21B800FB9E53 /* AppDelegate.swift */ = {isa = PBXFileReference; fileEncoding = 4; lastKnownFileType = sourcecode.swift; name = AppDelegate.swift; path = MaMadeItDelivery/AppDelegate.swift; sourceTree = "<group>"; };
		92E206FE1C3A2851008C0F58 /* ParseFacebookUtilsV4.framework */ = {isa = PBXFileReference; lastKnownFileType = wrapper.framework; path = ParseFacebookUtilsV4.framework; sourceTree = "<group>"; };
		92E207041C3A290F008C0F58 /* FBSDKCoreKit.framework */ = {isa = PBXFileReference; lastKnownFileType = wrapper.framework; name = FBSDKCoreKit.framework; path = "../../FacebookSDKs-iOS-20151111/FBSDKCoreKit.framework"; sourceTree = "<group>"; };
		92E207051C3A290F008C0F58 /* FBSDKLoginKit.framework */ = {isa = PBXFileReference; lastKnownFileType = wrapper.framework; name = FBSDKLoginKit.framework; path = "../../FacebookSDKs-iOS-20151111/FBSDKLoginKit.framework"; sourceTree = "<group>"; };
		92E699721C3B724200EA1A5D /* GMSPlaceMaker.swift */ = {isa = PBXFileReference; fileEncoding = 4; lastKnownFileType = sourcecode.swift; path = GMSPlaceMaker.swift; sourceTree = "<group>"; };
		AC4F633F0A752E6C9686C037 /* Pods.debug.xcconfig */ = {isa = PBXFileReference; includeInIndex = 1; lastKnownFileType = text.xcconfig; name = Pods.debug.xcconfig; path = "Pods/Target Support Files/Pods/Pods.debug.xcconfig"; sourceTree = "<group>"; };
		B90514058A24DEE697B453C9 /* Pods.release.xcconfig */ = {isa = PBXFileReference; includeInIndex = 1; lastKnownFileType = text.xcconfig; name = Pods.release.xcconfig; path = "Pods/Target Support Files/Pods/Pods.release.xcconfig"; sourceTree = "<group>"; };
/* End PBXFileReference section */

/* Begin PBXFrameworksBuildPhase section */
		81BA81421A49DA1800E65899 /* Frameworks */ = {
			isa = PBXFrameworksBuildPhase;
			buildActionMask = 2147483647;
			files = (
				81BA817F1A49E0F000E65899 /* libstdc++.6.dylib in Frameworks */,
				92E206FF1C3A2851008C0F58 /* ParseFacebookUtilsV4.framework in Frameworks */,
				92E207071C3A290F008C0F58 /* FBSDKLoginKit.framework in Frameworks */,
				81BA817B1A49E0E500E65899 /* SystemConfiguration.framework in Frameworks */,
				81BA81791A49E0DB00E65899 /* AudioToolbox.framework in Frameworks */,
				81BA81771A49E0D500E65899 /* libsqlite3.dylib in Frameworks */,
				92E207061C3A290F008C0F58 /* FBSDKCoreKit.framework in Frameworks */,
				81BA81711A49DB6800E65899 /* Parse.framework in Frameworks */,
				81BA81701A49DB6800E65899 /* Bolts.framework in Frameworks */,
				62A94B4283DBC7C1A7C22EEF /* libPods.a in Frameworks */,
			);
			runOnlyForDeploymentPostprocessing = 0;
		};
/* End PBXFrameworksBuildPhase section */

/* Begin PBXGroup section */
		814C3AC51B69877600E307BB /* Resources */ = {
			isa = PBXGroup;
			children = (
				92B2ED031C3D5A6200BDDC04 /* MaHead1.png */,
				92B2ED051C3D5CA400BDDC04 /* backar.png */,
				92B2ED061C3D5CA400BDDC04 /* boocircle.png */,
				92B2ED071C3D5CA400BDDC04 /* containerFood.png */,
				92B2ED081C3D5CA400BDDC04 /* Image_3.jpg */,
				92B2ED091C3D5CA400BDDC04 /* indianfv.jpg */,
				92B2ED0A1C3D5CA400BDDC04 /* ma made it 2.png */,
				92B2ED0B1C3D5CA400BDDC04 /* next2.png */,
				92B2ED0C1C3D5CA400BDDC04 /* reveal-icon.png */,
				922F9F2E1C41E196005DA6E5 /* bruschetta.jpg */,
				922F9F2F1C41E196005DA6E5 /* chickenOrange.jpg */,
				922F9F301C41E196005DA6E5 /* empanadas.jpg */,
				92B2ED0D1C3D5CA400BDDC04 /* signinwithfacebook.png */,
				92B2ED0E1C3D5CA400BDDC04 /* userMenu.png */,
				814C3AC81B69877600E307BB /* Images.xcassets */,
				814C3AC91B69877600E307BB /* Info.plist */,
			);
			path = Resources;
			sourceTree = "<group>";
		};
		81BA813C1A49DA1800E65899 = {
			isa = PBXGroup;
			children = (
				92BB0C3E1C3A21B800FB9E53 /* MaMadeItDelivery-Bridging-Header.h */,
				925E0C0A1C3B1388000E7B8B /* SWRevealViewController.h */,
				925E0C0B1C3B1388000E7B8B /* SWRevealViewController.m */,
				92BB0C431C3A228100FB9E53 /* MaMadeItDelivery */,
				814C3AC51B69877600E307BB /* Resources */,
				81BA816A1A49DB5600E65899 /* Frameworks */,
				81BA81461A49DA1800E65899 /* Products */,
				B3945BB3C0C935597748FA8F /* Pods */,
			);
			sourceTree = "<group>";
		};
		81BA81461A49DA1800E65899 /* Products */ = {
			isa = PBXGroup;
			children = (
				81BA81451A49DA1800E65899 /* MaMadeItDelivery.app */,
			);
			name = Products;
			sourceTree = "<group>";
		};
		81BA816A1A49DB5600E65899 /* Frameworks */ = {
			isa = PBXGroup;
			children = (
				81BA816B1A49DB6800E65899 /* Bolts.framework */,
				81BA816C1A49DB6800E65899 /* Parse.framework */,
				81BA816D1A49DB6800E65899 /* ParseCrashReporting.framework */,
				92E207041C3A290F008C0F58 /* FBSDKCoreKit.framework */,
				92E207051C3A290F008C0F58 /* FBSDKLoginKit.framework */,
				92E206FE1C3A2851008C0F58 /* ParseFacebookUtilsV4.framework */,
				81BA81801A49E10C00E65899 /* ParseUI.framework */,
				81BA81751A49E0C500E65899 /* System Frameworks */,
				7800846B1641862349F9D796 /* libPods.a */,
			);
			name = Frameworks;
			sourceTree = "<group>";
		};
		81BA81751A49E0C500E65899 /* System Frameworks */ = {
			isa = PBXGroup;
			children = (
				81BA817E1A49E0F000E65899 /* libstdc++.6.dylib */,
				81BA817A1A49E0E500E65899 /* SystemConfiguration.framework */,
				81BA81781A49E0DB00E65899 /* AudioToolbox.framework */,
				81BA81761A49E0D500E65899 /* libsqlite3.dylib */,
			);
			name = "System Frameworks";
			sourceTree = "<group>";
		};
		92BB0C431C3A228100FB9E53 /* MaMadeItDelivery */ = {
			isa = PBXGroup;
			children = (
				92BB0C3F1C3A21B800FB9E53 /* AppDelegate.swift */,
				92E699721C3B724200EA1A5D /* GMSPlaceMaker.swift */,
				925E0C111C3B1516000E7B8B /* MapViewController.swift */,
				92B2ED211C3D6AC600BDDC04 /* backEndMenu.swift */,
				92B2ED231C3D6B3600BDDC04 /* MoreDetailedFoodView.swift */,
				814C3AC61B69877600E307BB /* Main.storyboard */,
				92B2ED191C3D673B00BDDC04 /* View1.swift */,
				92B2ED1B1C3D695300BDDC04 /* SignUp.swift */,
				92B2ED1D1C3D697B00BDDC04 /* tableView.swift */,
				92B2ED1F1C3D69E300BDDC04 /* MainTableCell.swift */,
			);
			name = MaMadeItDelivery;
			sourceTree = "<group>";
		};
		B3945BB3C0C935597748FA8F /* Pods */ = {
			isa = PBXGroup;
			children = (
				AC4F633F0A752E6C9686C037 /* Pods.debug.xcconfig */,
				B90514058A24DEE697B453C9 /* Pods.release.xcconfig */,
			);
			name = Pods;
			sourceTree = "<group>";
		};
/* End PBXGroup section */

/* Begin PBXNativeTarget section */
		81BA81441A49DA1800E65899 /* MaMadeItDelivery */ = {
			isa = PBXNativeTarget;
			buildConfigurationList = 81BA81641A49DA1800E65899 /* Build configuration list for PBXNativeTarget "MaMadeItDelivery" */;
			buildPhases = (
				FBB960FDDAF5089C4AE0045C /* Check Pods Manifest.lock */,
				81BA81411A49DA1800E65899 /* Sources */,
				81BA81421A49DA1800E65899 /* Frameworks */,
				81BA81431A49DA1800E65899 /* Resources */,
				81CC85E11A49F6D40076DE19 /* Upload Symbol Files */,
				BCFC2633ED3B1B68A4EBAE12 /* Embed Pods Frameworks */,
				C5D040AF2605F90AE99E34BB /* Copy Pods Resources */,
			);
			buildRules = (
			);
			dependencies = (
			);
			name = MaMadeItDelivery;
			productName = ParseStarterProject;
			productReference = 81BA81451A49DA1800E65899 /* MaMadeItDelivery.app */;
			productType = "com.apple.product-type.application";
		};
/* End PBXNativeTarget section */

/* Begin PBXProject section */
		81BA813D1A49DA1800E65899 /* Project object */ = {
			isa = PBXProject;
			attributes = {
				LastSwiftUpdateCheck = 0710;
				LastUpgradeCheck = 0710;
				ORGANIZATIONNAME = Parse;
				TargetAttributes = {
					81BA81441A49DA1800E65899 = {
						CreatedOnToolsVersion = 6.1.1;
						LastSwiftMigration = 0800;
					};
				};
			};
			buildConfigurationList = 81BA81401A49DA1800E65899 /* Build configuration list for PBXProject "MaMadeItDelivery" */;
			compatibilityVersion = "Xcode 3.2";
			developmentRegion = English;
			hasScannedForEncodings = 0;
			knownRegions = (
				en,
				Base,
			);
			mainGroup = 81BA813C1A49DA1800E65899;
			productRefGroup = 81BA81461A49DA1800E65899 /* Products */;
			projectDirPath = "";
			projectRoot = "";
			targets = (
				81BA81441A49DA1800E65899 /* MaMadeItDelivery */,
			);
		};
/* End PBXProject section */

/* Begin PBXResourcesBuildPhase section */
		81BA81431A49DA1800E65899 /* Resources */ = {
			isa = PBXResourcesBuildPhase;
			buildActionMask = 2147483647;
			files = (
				92B2ED121C3D5CA400BDDC04 /* Image_3.jpg in Resources */,
				92B2ED181C3D5CA400BDDC04 /* userMenu.png in Resources */,
				922F9F311C41E196005DA6E5 /* bruschetta.jpg in Resources */,
				92B2ED161C3D5CA400BDDC04 /* reveal-icon.png in Resources */,
				814C3ACA1B69877600E307BB /* Main.storyboard in Resources */,
				92B2ED141C3D5CA400BDDC04 /* ma made it 2.png in Resources */,
				922F9F331C41E196005DA6E5 /* empanadas.jpg in Resources */,
				92B2ED131C3D5CA400BDDC04 /* indianfv.jpg in Resources */,
				92B2ED0F1C3D5CA400BDDC04 /* backar.png in Resources */,
				92B2ED151C3D5CA400BDDC04 /* next2.png in Resources */,
				922F9F321C41E196005DA6E5 /* chickenOrange.jpg in Resources */,
				814C3ACB1B69877600E307BB /* Images.xcassets in Resources */,
				92B2ED111C3D5CA400BDDC04 /* containerFood.png in Resources */,
				92B2ED101C3D5CA400BDDC04 /* boocircle.png in Resources */,
				92B2ED041C3D5A6200BDDC04 /* MaHead1.png in Resources */,
				92B2ED171C3D5CA400BDDC04 /* signinwithfacebook.png in Resources */,
			);
			runOnlyForDeploymentPostprocessing = 0;
		};
/* End PBXResourcesBuildPhase section */

/* Begin PBXShellScriptBuildPhase section */
		81CC85E11A49F6D40076DE19 /* Upload Symbol Files */ = {
			isa = PBXShellScriptBuildPhase;
			buildActionMask = 2147483647;
			files = (
			);
			inputPaths = (
			);
			name = "Upload Symbol Files";
			outputPaths = (
			);
			runOnlyForDeploymentPostprocessing = 0;
			shellPath = /bin/sh;
			shellScript = "# This script will upload symbol files for your application,\n# so all your crash reports are going to be symbolicated\n\n# Important!\n# Before using the script, please initialize CloudCode folder and replace <path_to_cloudcode_folder> with the path to it\n#\n# Read more on Parse.com - https://parse.com/apps/quickstart#analytics/crashreporting/ios/\n############################################################\n\n\n# export PATH=/usr/local/bin:$PATH\n# cd <path_to_cloudcode_folder>\n\n# parse symbols -p \"${DWARF_DSYM_FOLDER_PATH}/${DWARF_DSYM_FILE_NAME}\"\n";
		};
		BCFC2633ED3B1B68A4EBAE12 /* Embed Pods Frameworks */ = {
			isa = PBXShellScriptBuildPhase;
			buildActionMask = 2147483647;
			files = (
			);
			inputPaths = (
			);
			name = "Embed Pods Frameworks";
			outputPaths = (
			);
			runOnlyForDeploymentPostprocessing = 0;
			shellPath = /bin/sh;
			shellScript = "\"${SRCROOT}/Pods/Target Support Files/Pods/Pods-frameworks.sh\"\n";
			showEnvVarsInLog = 0;
		};
		C5D040AF2605F90AE99E34BB /* Copy Pods Resources */ = {
			isa = PBXShellScriptBuildPhase;
			buildActionMask = 2147483647;
			files = (
			);
			inputPaths = (
			);
			name = "Copy Pods Resources";
			outputPaths = (
			);
			runOnlyForDeploymentPostprocessing = 0;
			shellPath = /bin/sh;
			shellScript = "\"${SRCROOT}/Pods/Target Support Files/Pods/Pods-resources.sh\"\n";
			showEnvVarsInLog = 0;
		};
		FBB960FDDAF5089C4AE0045C /* Check Pods Manifest.lock */ = {
			isa = PBXShellScriptBuildPhase;
			buildActionMask = 2147483647;
			files = (
			);
			inputPaths = (
			);
			name = "Check Pods Manifest.lock";
			outputPaths = (
			);
			runOnlyForDeploymentPostprocessing = 0;
			shellPath = /bin/sh;
			shellScript = "diff \"${PODS_ROOT}/../Podfile.lock\" \"${PODS_ROOT}/Manifest.lock\" > /dev/null\nif [[ $? != 0 ]] ; then\n    cat << EOM\nerror: The sandbox is not in sync with the Podfile.lock. Run 'pod install' or update your CocoaPods installation.\nEOM\n    exit 1\nfi\n";
			showEnvVarsInLog = 0;
		};
/* End PBXShellScriptBuildPhase section */

/* Begin PBXSourcesBuildPhase section */
		81BA81411A49DA1800E65899 /* Sources */ = {
			isa = PBXSourcesBuildPhase;
			buildActionMask = 2147483647;
			files = (
				92BB0C411C3A21B800FB9E53 /* AppDelegate.swift in Sources */,
				92B2ED241C3D6B3600BDDC04 /* MoreDetailedFoodView.swift in Sources */,
				92B2ED1C1C3D695300BDDC04 /* SignUp.swift in Sources */,
				925E0C121C3B1516000E7B8B /* MapViewController.swift in Sources */,
				92B2ED201C3D69E300BDDC04 /* MainTableCell.swift in Sources */,
				92B2ED221C3D6AC600BDDC04 /* backEndMenu.swift in Sources */,
				92E699731C3B724200EA1A5D /* GMSPlaceMaker.swift in Sources */,
				92B2ED1E1C3D697B00BDDC04 /* tableView.swift in Sources */,
				925E0C0C1C3B1388000E7B8B /* SWRevealViewController.m in Sources */,
				92B2ED1A1C3D673B00BDDC04 /* View1.swift in Sources */,
			);
			runOnlyForDeploymentPostprocessing = 0;
		};
/* End PBXSourcesBuildPhase section */

/* Begin PBXVariantGroup section */
		814C3AC61B69877600E307BB /* Main.storyboard */ = {
			isa = PBXVariantGroup;
			children = (
				814C3AC71B69877600E307BB /* Base */,
			);
			name = Main.storyboard;
			path = Resources;
			sourceTree = "<group>";
		};
/* End PBXVariantGroup section */

/* Begin XCBuildConfiguration section */
		81BA81621A49DA1800E65899 /* Debug */ = {
			isa = XCBuildConfiguration;
			buildSettings = {
				ALWAYS_SEARCH_USER_PATHS = NO;
				CLANG_CXX_LANGUAGE_STANDARD = "gnu++0x";
				CLANG_CXX_LIBRARY = "libc++";
				CLANG_ENABLE_MODULES = YES;
				CLANG_ENABLE_OBJC_ARC = YES;
				CLANG_WARN_BOOL_CONVERSION = YES;
				CLANG_WARN_CONSTANT_CONVERSION = YES;
				CLANG_WARN_DIRECT_OBJC_ISA_USAGE = YES_ERROR;
				CLANG_WARN_EMPTY_BODY = YES;
				CLANG_WARN_ENUM_CONVERSION = YES;
				CLANG_WARN_INT_CONVERSION = YES;
				CLANG_WARN_OBJC_ROOT_CLASS = YES_ERROR;
				CLANG_WARN_UNREACHABLE_CODE = YES;
				CLANG_WARN__DUPLICATE_METHOD_MATCH = YES;
				"CODE_SIGN_IDENTITY[sdk=iphoneos*]" = "iPhone Developer";
				COPY_PHASE_STRIP = NO;
				ENABLE_STRICT_OBJC_MSGSEND = YES;
				ENABLE_TESTABILITY = YES;
				GCC_C_LANGUAGE_STANDARD = gnu99;
				GCC_DYNAMIC_NO_PIC = NO;
				GCC_OPTIMIZATION_LEVEL = 0;
				GCC_PREPROCESSOR_DEFINITIONS = (
					"DEBUG=1",
					"$(inherited)",
				);
				GCC_SYMBOLS_PRIVATE_EXTERN = NO;
				GCC_WARN_64_TO_32_BIT_CONVERSION = YES;
				GCC_WARN_ABOUT_RETURN_TYPE = YES_ERROR;
				GCC_WARN_UNDECLARED_SELECTOR = YES;
				GCC_WARN_UNINITIALIZED_AUTOS = YES_AGGRESSIVE;
				GCC_WARN_UNUSED_FUNCTION = YES;
				GCC_WARN_UNUSED_VARIABLE = YES;
				IPHONEOS_DEPLOYMENT_TARGET = 8.1;
				MTL_ENABLE_DEBUG_INFO = YES;
				ONLY_ACTIVE_ARCH = YES;
				SDKROOT = iphoneos;
				SWIFT_OPTIMIZATION_LEVEL = "-Onone";
				TARGETED_DEVICE_FAMILY = "1,2";
			};
			name = Debug;
		};
		81BA81631A49DA1800E65899 /* Release */ = {
			isa = XCBuildConfiguration;
			buildSettings = {
				ALWAYS_SEARCH_USER_PATHS = NO;
				CLANG_CXX_LANGUAGE_STANDARD = "gnu++0x";
				CLANG_CXX_LIBRARY = "libc++";
				CLANG_ENABLE_MODULES = YES;
				CLANG_ENABLE_OBJC_ARC = YES;
				CLANG_WARN_BOOL_CONVERSION = YES;
				CLANG_WARN_CONSTANT_CONVERSION = YES;
				CLANG_WARN_DIRECT_OBJC_ISA_USAGE = YES_ERROR;
				CLANG_WARN_EMPTY_BODY = YES;
				CLANG_WARN_ENUM_CONVERSION = YES;
				CLANG_WARN_INT_CONVERSION = YES;
				CLANG_WARN_OBJC_ROOT_CLASS = YES_ERROR;
				CLANG_WARN_UNREACHABLE_CODE = YES;
				CLANG_WARN__DUPLICATE_METHOD_MATCH = YES;
				"CODE_SIGN_IDENTITY[sdk=iphoneos*]" = "iPhone Developer";
				COPY_PHASE_STRIP = YES;
				ENABLE_NS_ASSERTIONS = NO;
				ENABLE_STRICT_OBJC_MSGSEND = YES;
				GCC_C_LANGUAGE_STANDARD = gnu99;
				GCC_WARN_64_TO_32_BIT_CONVERSION = YES;
				GCC_WARN_ABOUT_RETURN_TYPE = YES_ERROR;
				GCC_WARN_UNDECLARED_SELECTOR = YES;
				GCC_WARN_UNINITIALIZED_AUTOS = YES_AGGRESSIVE;
				GCC_WARN_UNUSED_FUNCTION = YES;
				GCC_WARN_UNUSED_VARIABLE = YES;
				IPHONEOS_DEPLOYMENT_TARGET = 8.1;
				MTL_ENABLE_DEBUG_INFO = NO;
				SDKROOT = iphoneos;
				TARGETED_DEVICE_FAMILY = "1,2";
				VALIDATE_PRODUCT = YES;
			};
			name = Release;
		};
		81BA81651A49DA1800E65899 /* Debug */ = {
			isa = XCBuildConfiguration;
			baseConfigurationReference = AC4F633F0A752E6C9686C037 /* Pods.debug.xcconfig */;
			buildSettings = {
				ASSETCATALOG_COMPILER_APPICON_NAME = AppIcon;
				ASSETCATALOG_COMPILER_LAUNCHIMAGE_NAME = LaunchImage;
				CLANG_ENABLE_MODULES = YES;
				FRAMEWORK_SEARCH_PATHS = (
					"$(inherited)",
					"$(PROJECT_DIR)",
					"/Users/joaquim/Downloads/FacebookSDKs-iOS-20151111",
				);
				INFOPLIST_FILE = Resources/Info.plist;
				IPHONEOS_DEPLOYMENT_TARGET = 8.1;
				LD_RUNPATH_SEARCH_PATHS = "$(inherited) @executable_path/Frameworks";
				PRODUCT_BUNDLE_IDENTIFIER = com.Joaquim.MaMadeItDelivery;
				PRODUCT_NAME = MaMadeItDelivery;
				SWIFT_OBJC_BRIDGING_HEADER = "MaMadeItDelivery-Bridging-Header.h";
				SWIFT_OPTIMIZATION_LEVEL = "-Onone";
				SWIFT_VERSION = 3.0;
			};
			name = Debug;
		};
		81BA81661A49DA1800E65899 /* Release */ = {
			isa = XCBuildConfiguration;
			baseConfigurationReference = B90514058A24DEE697B453C9 /* Pods.release.xcconfig */;
			buildSettings = {
				ASSETCATALOG_COMPILER_APPICON_NAME = AppIcon;
				ASSETCATALOG_COMPILER_LAUNCHIMAGE_NAME = LaunchImage;
				CLANG_ENABLE_MODULES = YES;
				FRAMEWORK_SEARCH_PATHS = (
					"$(inherited)",
					"$(PROJECT_DIR)",
					"/Users/joaquim/Downloads/FacebookSDKs-iOS-20151111",
				);
				INFOPLIST_FILE = Resources/Info.plist;
				IPHONEOS_DEPLOYMENT_TARGET = 8.1;
				LD_RUNPATH_SEARCH_PATHS = "$(inherited) @executable_path/Frameworks";
				PRODUCT_BUNDLE_IDENTIFIER = com.Joaquim.MaMadeItDelivery;
				PRODUCT_NAME = MaMadeItDelivery;
				SWIFT_OBJC_BRIDGING_HEADER = "MaMadeItDelivery-Bridging-Header.h";
				SWIFT_VERSION = 3.0;
			};
			name = Release;
		};
/* End XCBuildConfiguration section */

/* Begin XCConfigurationList section */
		81BA81401A49DA1800E65899 /* Build configuration list for PBXProject "MaMadeItDelivery" */ = {
			isa = XCConfigurationList;
			buildConfigurations = (
				81BA81621A49DA1800E65899 /* Debug */,
				81BA81631A49DA1800E65899 /* Release */,
			);
			defaultConfigurationIsVisible = 0;
			defaultConfigurationName = Release;
		};
		81BA81641A49DA1800E65899 /* Build configuration list for PBXNativeTarget "MaMadeItDelivery" */ = {
			isa = XCConfigurationList;
			buildConfigurations = (
				81BA81651A49DA1800E65899 /* Debug */,
				81BA81661A49DA1800E65899 /* Release */,
			);
			defaultConfigurationIsVisible = 0;
			defaultConfigurationName = Release;
		};
/* End XCConfigurationList section */
	};
	rootObject = 81BA813D1A49DA1800E65899 /* Project object */;
}
